
Microsoft Visual Studio Solution File, Format Version 12.00
# Visual Studio 15
VisualStudioVersion = 15.0.27130.2003
MinimumVisualStudioVersion = 10.0.40219.1
Project("{FAE04EC0-301F-11D3-BF4B-00C04F79EFBC}") = "TConsole", "..\Outils\Outils\Console\TConsole.csproj", "{222ADAFA-6E7D-404C-A04D-DB30BDF702A9}"
EndProject
Project("{FAE04EC0-301F-11D3-BF4B-00C04F79EFBC}") = "TData", "..\Outils\Outils\Data\TData.csproj", "{38C84F6E-814C-48CD-A358-29AAC7DCB791}"
EndProject
Project("{FAE04EC0-301F-11D3-BF4B-00C04F79EFBC}") = "Northwind2", "Northwind2\Northwind2.csproj", "{6845A859-6F29-42B1-8421-2ED9F32D640B}"
EndProject
Global
	GlobalSection(SolutionConfigurationPlatforms) = preSolution
		Debug|Any CPU = Debug|Any CPU
		Release|Any CPU = Release|Any CPU
	EndGlobalSection
	GlobalSection(ProjectConfigurationPlatforms) = postSolution
		{222ADAFA-6E7D-404C-A04D-DB30BDF702A9}.Debug|Any CPU.ActiveCfg = Debug|Any CPU
		{222ADAFA-6E7D-404C-A04D-DB30BDF702A9}.Debug|Any CPU.Build.0 = Debug|Any CPU
		{222ADAFA-6E7D-404C-A04D-DB30BDF702A9}.Release|Any CPU.ActiveCfg = Release|Any CPU
		{222ADAFA-6E7D-404C-A04D-DB30BDF702A9}.Release|Any CPU.Build.0 = Release|Any CPU
		{38C84F6E-814C-48CD-A358-29AAC7DCB791}.Debug|Any CPU.ActiveCfg = Debug|Any CPU
		{38C84F6E-814C-48CD-A358-29AAC7DCB791}.Debug|Any CPU.Build.0 = Debug|Any CPU
		{38C84F6E-814C-48CD-A358-29AAC7DCB791}.Release|Any CPU.ActiveCfg = Release|Any CPU
		{38C84F6E-814C-48CD-A358-29AAC7DCB791}.Release|Any CPU.Build.0 = Release|Any CPU
		{6845A859-6F29-42B1-8421-2ED9F32D640B}.Debug|Any CPU.ActiveCfg = Debug|Any CPU
		{6845A859-6F29-42B1-8421-2ED9F32D640B}.Debug|Any CPU.Build.0 = Debug|Any CPU
		{6845A859-6F29-42B1-8421-2ED9F32D640B}.Release|Any CPU.ActiveCfg = Release|Any CPU
		{6845A859-6F29-42B1-8421-2ED9F32D640B}.Release|Any CPU.Build.0 = Release|Any CPU
	EndGlobalSection
	GlobalSection(SolutionProperties) = preSolution
		HideSolutionNode = FALSE
	EndGlobalSection
	GlobalSection(ExtensibilityGlobals) = postSolution
		SolutionGuid = {80A2B7A4-F514-4588-AB16-14C773652F62}
	EndGlobalSection
EndGlobal
