
Microsoft Visual Studio Solution File, Format Version 12.00
# Visual Studio 15
VisualStudioVersion = 15.0.26730.16
MinimumVisualStudioVersion = 10.0.40219.1
Project("{FAE04EC0-301F-11D3-BF4B-00C04F79EFBC}") = "TData", "Data\TData.csproj", "{38C84F6E-814C-48CD-A358-29AAC7DCB791}"
EndProject
Project("{FAE04EC0-301F-11D3-BF4B-00C04F79EFBC}") = "TConsole", "Console\TConsole.csproj", "{222ADAFA-6E7D-404C-A04D-DB30BDF702A9}"
EndProject
Global
	GlobalSection(SolutionConfigurationPlatforms) = preSolution
		Debug|Any CPU = Debug|Any CPU
		Release|Any CPU = Release|Any CPU
	EndGlobalSection
	GlobalSection(ProjectConfigurationPlatforms) = postSolution
		{38C84F6E-814C-48CD-A358-29AAC7DCB791}.Debug|Any CPU.ActiveCfg = Debug|Any CPU
		{38C84F6E-814C-48CD-A358-29AAC7DCB791}.Debug|Any CPU.Build.0 = Debug|Any CPU
		{38C84F6E-814C-48CD-A358-29AAC7DCB791}.Release|Any CPU.ActiveCfg = Release|Any CPU
		{38C84F6E-814C-48CD-A358-29AAC7DCB791}.Release|Any CPU.Build.0 = Release|Any CPU
		{222ADAFA-6E7D-404C-A04D-DB30BDF702A9}.Debug|Any CPU.ActiveCfg = Debug|Any CPU
		{222ADAFA-6E7D-404C-A04D-DB30BDF702A9}.Debug|Any CPU.Build.0 = Debug|Any CPU
		{222ADAFA-6E7D-404C-A04D-DB30BDF702A9}.Release|Any CPU.ActiveCfg = Release|Any CPU
		{222ADAFA-6E7D-404C-A04D-DB30BDF702A9}.Release|Any CPU.Build.0 = Release|Any CPU
	EndGlobalSection
	GlobalSection(SolutionProperties) = preSolution
		HideSolutionNode = FALSE
	EndGlobalSection
	GlobalSection(ExtensibilityGlobals) = postSolution
		SolutionGuid = {2CF0F90F-21C5-49CF-9050-DAE6FBBE5607}
	EndGlobalSection
	GlobalSection(TeamFoundationVersionControl) = preSolution
		SccNumberOfProjects = 3
		SccEnterpriseProvider = {4CA58AB2-18FA-4F8D-95D4-32DDF27D184C}
		SccTeamFoundationServer = https://cseguenot.visualstudio.com/
		SccLocalPath0 = .
		SccProjectUniqueName1 = Data\\TData.csproj
		SccProjectName1 = Data
		SccLocalPath1 = Data
		SccProjectUniqueName2 = Console\\TConsole.csproj
		SccProjectName2 = Console
		SccLocalPath2 = Console
	EndGlobalSection
EndGlobal
