
Microsoft Visual Studio Solution File, Format Version 12.00
# Visual Studio 15
VisualStudioVersion = 15.0.27130.2003
MinimumVisualStudioVersion = 10.0.40219.1
Project("{FAE04EC0-301F-11D3-BF4B-00C04F79EFBC}") = "Northwind2", "Northwind2\Northwind2.csproj", "{F374EA39-B9F7-409D-B2D1-6B41FB3C0233}"
EndProject
Project("{FAE04EC0-301F-11D3-BF4B-00C04F79EFBC}") = "TConsole", "..\Outils\Console\TConsole.csproj", "{222ADAFA-6E7D-404C-A04D-DB30BDF702A9}"
EndProject
Project("{FAE04EC0-301F-11D3-BF4B-00C04F79EFBC}") = "TData", "..\Outils\Data\TData.csproj", "{38C84F6E-814C-48CD-A358-29AAC7DCB791}"
EndProject
Project("{FAE04EC0-301F-11D3-BF4B-00C04F79EFBC}") = "TestsNorthwind2", "TestsNorthwind2\TestsNorthwind2.csproj", "{F857AF53-3938-49E3-972F-9134BB03F31F}"
EndProject
Global
	GlobalSection(SolutionConfigurationPlatforms) = preSolution
		Debug|Any CPU = Debug|Any CPU
		Release|Any CPU = Release|Any CPU
	EndGlobalSection
	GlobalSection(ProjectConfigurationPlatforms) = postSolution
		{F374EA39-B9F7-409D-B2D1-6B41FB3C0233}.Debug|Any CPU.ActiveCfg = Debug|Any CPU
		{F374EA39-B9F7-409D-B2D1-6B41FB3C0233}.Debug|Any CPU.Build.0 = Debug|Any CPU
		{F374EA39-B9F7-409D-B2D1-6B41FB3C0233}.Release|Any CPU.ActiveCfg = Release|Any CPU
		{F374EA39-B9F7-409D-B2D1-6B41FB3C0233}.Release|Any CPU.Build.0 = Release|Any CPU
		{222ADAFA-6E7D-404C-A04D-DB30BDF702A9}.Debug|Any CPU.ActiveCfg = Debug|Any CPU
		{222ADAFA-6E7D-404C-A04D-DB30BDF702A9}.Debug|Any CPU.Build.0 = Debug|Any CPU
		{222ADAFA-6E7D-404C-A04D-DB30BDF702A9}.Release|Any CPU.ActiveCfg = Release|Any CPU
		{222ADAFA-6E7D-404C-A04D-DB30BDF702A9}.Release|Any CPU.Build.0 = Release|Any CPU
		{38C84F6E-814C-48CD-A358-29AAC7DCB791}.Debug|Any CPU.ActiveCfg = Debug|Any CPU
		{38C84F6E-814C-48CD-A358-29AAC7DCB791}.Debug|Any CPU.Build.0 = Debug|Any CPU
		{38C84F6E-814C-48CD-A358-29AAC7DCB791}.Release|Any CPU.ActiveCfg = Release|Any CPU
		{38C84F6E-814C-48CD-A358-29AAC7DCB791}.Release|Any CPU.Build.0 = Release|Any CPU
		{F857AF53-3938-49E3-972F-9134BB03F31F}.Debug|Any CPU.ActiveCfg = Debug|Any CPU
		{F857AF53-3938-49E3-972F-9134BB03F31F}.Debug|Any CPU.Build.0 = Debug|Any CPU
		{F857AF53-3938-49E3-972F-9134BB03F31F}.Release|Any CPU.ActiveCfg = Release|Any CPU
		{F857AF53-3938-49E3-972F-9134BB03F31F}.Release|Any CPU.Build.0 = Release|Any CPU
	EndGlobalSection
	GlobalSection(SolutionProperties) = preSolution
		HideSolutionNode = FALSE
	EndGlobalSection
	GlobalSection(ExtensibilityGlobals) = postSolution
		SolutionGuid = {759C35C9-8E70-40F8-8940-292F5EFE34CA}
	EndGlobalSection
EndGlobal
